PODS:
  - Nimble (8.0.1)
  - Quick (2.1.0)
  - RxSwift (5.0.0)
  - RxViewModel (6.0.0):
    - RxSwift (>= 5.0.0)

DEPENDENCIES:
  - Nimble
  - Quick
  - RxViewModel (from `../`)

SPEC REPOS:
  https://github.com/cocoapods/specs.git:
    - Nimble
    - Quick
    - RxSwift

EXTERNAL SOURCES:
  RxViewModel:
    :path: "../"

SPEC CHECKSUMS:
  Nimble: 45f786ae66faa9a709624227fae502db55a8bdd0
  Quick: 4be43f6634acfa727dd106bdf3929ce125ffa79d
  RxSwift: 8b0671caa829a763bbce7271095859121cbd895f
  RxViewModel: f4c25376dbb15f04d7d909732b983673c614663f

PODFILE CHECKSUM: f3dc2ef276e60482f87b2abfca65a634f6640961

COCOAPODS: 1.6.1
